
Microsoft Visual Studio Solution File, Format Version 12.00
# Visual Studio Version 17
VisualStudioVersion = 17.9.34616.47
MinimumVisualStudioVersion = 10.0.40219.1
Project("{FAE04EC0-301F-11D3-BF4B-00C04F79EFBC}") = "HiraKata Kaizen", "HiraKata Kaizen.csproj", "{1CA426FC-015F-4490-A49A-C9171A5AF8AA}"
EndProject
Global
	GlobalSection(SolutionConfigurationPlatforms) = preSolution
		Debug|Any CPU = Debug|Any CPU
		Release|Any CPU = Release|Any CPU
	EndGlobalSection
	GlobalSection(ProjectConfigurationPlatforms) = postSolution
		{1CA426FC-015F-4490-A49A-C9171A5AF8AA}.Debug|Any CPU.ActiveCfg = Debug|Any CPU
		{1CA426FC-015F-4490-A49A-C9171A5AF8AA}.Debug|Any CPU.Build.0 = Debug|Any CPU
		{1CA426FC-015F-4490-A49A-C9171A5AF8AA}.Release|Any CPU.ActiveCfg = Release|Any CPU
		{1CA426FC-015F-4490-A49A-C9171A5AF8AA}.Release|Any CPU.Build.0 = Release|Any CPU
	EndGlobalSection
	GlobalSection(SolutionProperties) = preSolution
		HideSolutionNode = FALSE
	EndGlobalSection
	GlobalSection(ExtensibilityGlobals) = postSolution
		SolutionGuid = {28455886-52D9-49B0-A8CF-94F443915A04}
	EndGlobalSection
EndGlobal
